// !$*UTF8*$!
{
	archiveVersion = 1;
	classes = {
	};
	objectVersion = 46;
	objects = {

/* Begin PBXBuildFile section */
		2102A1D714A885AA00288470 /* date-button-highlight.png in Resources */ = {isa = PBXBuildFile; fileRef = 2102A1D514A885AA00288470 /* date-button-highlight.png */; };
		2102A1D814A885AA00288470 /* date-button.png in Resources */ = {isa = PBXBuildFile; fileRef = 2102A1D614A885AA00288470 /* date-button.png */; };
		212AEA6614A96D9400E15AD5 /* MainMenuViewController.m in Sources */ = {isa = PBXBuildFile; fileRef = 212AEA6414A96D9400E15AD5 /* MainMenuViewController.m */; };
		212AEA6714A96D9400E15AD5 /* MainMenuViewController.xib in Resources */ = {isa = PBXBuildFile; fileRef = 212AEA6514A96D9400E15AD5 /* MainMenuViewController.xib */; };
		21353D6E14A494990048D1B5 /* UIKit.framework in Frameworks */ = {isa = PBXBuildFile; fileRef = 21353D6D14A494990048D1B5 /* UIKit.framework */; };
		21353D7014A494990048D1B5 /* Foundation.framework in Frameworks */ = {isa = PBXBuildFile; fileRef = 21353D6F14A494990048D1B5 /* Foundation.framework */; };
		21353D7214A494990048D1B5 /* CoreGraphics.framework in Frameworks */ = {isa = PBXBuildFile; fileRef = 21353D7114A494990048D1B5 /* CoreGraphics.framework */; };
		21353D7814A494990048D1B5 /* InfoPlist.strings in Resources */ = {isa = PBXBuildFile; fileRef = 21353D7614A494990048D1B5 /* InfoPlist.strings */; };
		21353D7A14A494990048D1B5 /* main.m in Sources */ = {isa = PBXBuildFile; fileRef = 21353D7914A494990048D1B5 /* main.m */; };
		21353D7E14A494990048D1B5 /* AppDelegate.m in Sources */ = {isa = PBXBuildFile; fileRef = 21353D7D14A494990048D1B5 /* AppDelegate.m */; };
		21353D8114A494990048D1B5 /* AddViewController.m in Sources */ = {isa = PBXBuildFile; fileRef = 21353D8014A494990048D1B5 /* AddViewController.m */; };
		21353D8414A494990048D1B5 /* AddViewController.xib in Resources */ = {isa = PBXBuildFile; fileRef = 21353D8214A494990048D1B5 /* AddViewController.xib */; };
		21353D8C14A495E00048D1B5 /* Entry.xcdatamodeld in Sources */ = {isa = PBXBuildFile; fileRef = 21353D8A14A495E00048D1B5 /* Entry.xcdatamodeld */; };
		21353D8F14A4963B0048D1B5 /* Event.m in Sources */ = {isa = PBXBuildFile; fileRef = 21353D8E14A4963B0048D1B5 /* Event.m */; };
		21353D9114A497020048D1B5 /* CoreData.framework in Frameworks */ = {isa = PBXBuildFile; fileRef = 21353D9014A497020048D1B5 /* CoreData.framework */; };
		21C91A4214A80BD00009AC7E /* weddingDateViewController.m in Sources */ = {isa = PBXBuildFile; fileRef = 21C91A4114A80BD00009AC7E /* weddingDateViewController.m */; };
/* End PBXBuildFile section */

/* Begin PBXFileReference section */
		2102A1D514A885AA00288470 /* date-button-highlight.png */ = {isa = PBXFileReference; lastKnownFileType = image.png; path = "date-button-highlight.png"; sourceTree = "<group>"; };
		2102A1D614A885AA00288470 /* date-button.png */ = {isa = PBXFileReference; lastKnownFileType = image.png; path = "date-button.png"; sourceTree = "<group>"; };
		212AEA6314A96D9400E15AD5 /* MainMenuViewController.h */ = {isa = PBXFileReference; fileEncoding = 4; lastKnownFileType = sourcecode.c.h; path = MainMenuViewController.h; sourceTree = "<group>"; };
		212AEA6414A96D9400E15AD5 /* MainMenuViewController.m */ = {isa = PBXFileReference; fileEncoding = 4; lastKnownFileType = sourcecode.c.objc; path = MainMenuViewController.m; sourceTree = "<group>"; };
		212AEA6514A96D9400E15AD5 /* MainMenuViewController.xib */ = {isa = PBXFileReference; fileEncoding = 4; lastKnownFileType = file.xib; path = MainMenuViewController.xib; sourceTree = "<group>"; };
		21353D6914A494990048D1B5 /* WuForm.app */ = {isa = PBXFileReference; explicitFileType = wrapper.application; includeInIndex = 0; path = WuForm.app; sourceTree = BUILT_PRODUCTS_DIR; };
		21353D6D14A494990048D1B5 /* UIKit.framework */ = {isa = PBXFileReference; lastKnownFileType = wrapper.framework; name = UIKit.framework; path = System/Library/Frameworks/UIKit.framework; sourceTree = SDKROOT; };
		21353D6F14A494990048D1B5 /* Foundation.framework */ = {isa = PBXFileReference; lastKnownFileType = wrapper.framework; name = Foundation.framework; path = System/Library/Frameworks/Foundation.framework; sourceTree = SDKROOT; };
		21353D7114A494990048D1B5 /* CoreGraphics.framework */ = {isa = PBXFileReference; lastKnownFileType = wrapper.framework; name = CoreGraphics.framework; path = System/Library/Frameworks/CoreGraphics.framework; sourceTree = SDKROOT; };
		21353D7514A494990048D1B5 /* WuForm-Info.plist */ = {isa = PBXFileReference; lastKnownFileType = text.plist.xml; path = "WuForm-Info.plist"; sourceTree = "<group>"; };
		21353D7714A494990048D1B5 /* en */ = {isa = PBXFileReference; lastKnownFileType = text.plist.strings; name = en; path = en.lproj/InfoPlist.strings; sourceTree = "<group>"; };
		21353D7914A494990048D1B5 /* main.m */ = {isa = PBXFileReference; lastKnownFileType = sourcecode.c.objc; path = main.m; sourceTree = "<group>"; };
		21353D7B14A494990048D1B5 /* WuForm-Prefix.pch */ = {isa = PBXFileReference; lastKnownFileType = sourcecode.c.h; path = "WuForm-Prefix.pch"; sourceTree = "<group>"; };
		21353D7C14A494990048D1B5 /* AppDelegate.h */ = {isa = PBXFileReference; lastKnownFileType = sourcecode.c.h; path = AppDelegate.h; sourceTree = "<group>"; };
		21353D7D14A494990048D1B5 /* AppDelegate.m */ = {isa = PBXFileReference; lastKnownFileType = sourcecode.c.objc; path = AppDelegate.m; sourceTree = "<group>"; };
		21353D7F14A494990048D1B5 /* AddViewController.h */ = {isa = PBXFileReference; lastKnownFileType = sourcecode.c.h; path = AddViewController.h; sourceTree = "<group>"; };
		21353D8014A494990048D1B5 /* AddViewController.m */ = {isa = PBXFileReference; lastKnownFileType = sourcecode.c.objc; path = AddViewController.m; sourceTree = "<group>"; };
		21353D8314A494990048D1B5 /* en */ = {isa = PBXFileReference; lastKnownFileType = file.xib; name = en; path = en.lproj/AddViewController.xib; sourceTree = "<group>"; };
		21353D8B14A495E00048D1B5 /* Entry.xcdatamodel */ = {isa = PBXFileReference; lastKnownFileType = wrapper.xcdatamodel; path = Entry.xcdatamodel; sourceTree = "<group>"; };
		21353D8D14A4963B0048D1B5 /* Event.h */ = {isa = PBXFileReference; fileEncoding = 4; lastKnownFileType = sourcecode.c.h; path = Event.h; sourceTree = "<group>"; };
		21353D8E14A4963B0048D1B5 /* Event.m */ = {isa = PBXFileReference; fileEncoding = 4; lastKnownFileType = sourcecode.c.objc; path = Event.m; sourceTree = "<group>"; };
		21353D9014A497020048D1B5 /* CoreData.framework */ = {isa = PBXFileReference; lastKnownFileType = wrapper.framework; name = CoreData.framework; path = System/Library/Frameworks/CoreData.framework; sourceTree = SDKROOT; };
		21C91A4014A80BD00009AC7E /* weddingDateViewController.h */ = {isa = PBXFileReference; fileEncoding = 4; lastKnownFileType = sourcecode.c.h; path = weddingDateViewController.h; sourceTree = "<group>"; };
		21C91A4114A80BD00009AC7E /* weddingDateViewController.m */ = {isa = PBXFileReference; fileEncoding = 4; lastKnownFileType = sourcecode.c.objc; path = weddingDateViewController.m; sourceTree = "<group>"; };
/* End PBXFileReference section */

/* Begin PBXFrameworksBuildPhase section */
		21353D6614A494990048D1B5 /* Frameworks */ = {
			isa = PBXFrameworksBuildPhase;
			buildActionMask = 2147483647;
			files = (
				21353D9114A497020048D1B5 /* CoreData.framework in Frameworks */,
				21353D6E14A494990048D1B5 /* UIKit.framework in Frameworks */,
				21353D7014A494990048D1B5 /* Foundation.framework in Frameworks */,
				21353D7214A494990048D1B5 /* CoreGraphics.framework in Frameworks */,
			);
			runOnlyForDeploymentPostprocessing = 0;
		};
/* End PBXFrameworksBuildPhase section */

/* Begin PBXGroup section */
		21353D5E14A494990048D1B5 = {
			isa = PBXGroup;
			children = (
				21353D7314A494990048D1B5 /* WuForm */,
				21353D6C14A494990048D1B5 /* Frameworks */,
				21353D6A14A494990048D1B5 /* Products */,
			);
			sourceTree = "<group>";
		};
		21353D6A14A494990048D1B5 /* Products */ = {
			isa = PBXGroup;
			children = (
				21353D6914A494990048D1B5 /* WuForm.app */,
			);
			name = Products;
			sourceTree = "<group>";
		};
		21353D6C14A494990048D1B5 /* Frameworks */ = {
			isa = PBXGroup;
			children = (
				21353D9014A497020048D1B5 /* CoreData.framework */,
				21353D6D14A494990048D1B5 /* UIKit.framework */,
				21353D6F14A494990048D1B5 /* Foundation.framework */,
				21353D7114A494990048D1B5 /* CoreGraphics.framework */,
			);
			name = Frameworks;
			sourceTree = "<group>";
		};
		21353D7314A494990048D1B5 /* WuForm */ = {
			isa = PBXGroup;
			children = (
				21353D7C14A494990048D1B5 /* AppDelegate.h */,
				21353D7D14A494990048D1B5 /* AppDelegate.m */,
				21353D8A14A495E00048D1B5 /* Entry.xcdatamodeld */,
				21353D8D14A4963B0048D1B5 /* Event.h */,
				21353D8E14A4963B0048D1B5 /* Event.m */,
				21C91A4014A80BD00009AC7E /* weddingDateViewController.h */,
				212AEA6314A96D9400E15AD5 /* MainMenuViewController.h */,
				212AEA6414A96D9400E15AD5 /* MainMenuViewController.m */,
				212AEA6514A96D9400E15AD5 /* MainMenuViewController.xib */,
				21C91A4114A80BD00009AC7E /* weddingDateViewController.m */,
				21353D7F14A494990048D1B5 /* AddViewController.h */,
				21353D8014A494990048D1B5 /* AddViewController.m */,
				21353D8214A494990048D1B5 /* AddViewController.xib */,
				21353D7414A494990048D1B5 /* Supporting Files */,
			);
			path = WuForm;
			sourceTree = "<group>";
		};
		21353D7414A494990048D1B5 /* Supporting Files */ = {
			isa = PBXGroup;
			children = (
				2102A1D514A885AA00288470 /* date-button-highlight.png */,
				2102A1D614A885AA00288470 /* date-button.png */,
				21353D7514A494990048D1B5 /* WuForm-Info.plist */,
				21353D7614A494990048D1B5 /* InfoPlist.strings */,
				21353D7914A494990048D1B5 /* main.m */,
				21353D7B14A494990048D1B5 /* WuForm-Prefix.pch */,
			);
			name = "Supporting Files";
			sourceTree = "<group>";
		};
/* End PBXGroup section */

/* Begin PBXNativeTarget section */
		21353D6814A494990048D1B5 /* WuForm */ = {
			isa = PBXNativeTarget;
			buildConfigurationList = 21353D8714A494990048D1B5 /* Build configuration list for PBXNativeTarget "WuForm" */;
			buildPhases = (
				21353D6514A494990048D1B5 /* Sources */,
				21353D6614A494990048D1B5 /* Frameworks */,
				21353D6714A494990048D1B5 /* Resources */,
			);
			buildRules = (
			);
			dependencies = (
			);
			name = WuForm;
			productName = WuForm;
			productReference = 21353D6914A494990048D1B5 /* WuForm.app */;
			productType = "com.apple.product-type.application";
		};
/* End PBXNativeTarget section */

/* Begin PBXProject section */
		21353D6014A494990048D1B5 /* Project object */ = {
			isa = PBXProject;
			attributes = {
				LastUpgradeCheck = 0420;
			};
			buildConfigurationList = 21353D6314A494990048D1B5 /* Build configuration list for PBXProject "WuForm" */;
			compatibilityVersion = "Xcode 3.2";
			developmentRegion = English;
			hasScannedForEncodings = 0;
			knownRegions = (
				en,
			);
			mainGroup = 21353D5E14A494990048D1B5;
			productRefGroup = 21353D6A14A494990048D1B5 /* Products */;
			projectDirPath = "";
			projectRoot = "";
			targets = (
				21353D6814A494990048D1B5 /* WuForm */,
			);
		};
/* End PBXProject section */

/* Begin PBXResourcesBuildPhase section */
		21353D6714A494990048D1B5 /* Resources */ = {
			isa = PBXResourcesBuildPhase;
			buildActionMask = 2147483647;
			files = (
				21353D7814A494990048D1B5 /* InfoPlist.strings in Resources */,
				21353D8414A494990048D1B5 /* AddViewController.xib in Resources */,
				2102A1D714A885AA00288470 /* date-button-highlight.png in Resources */,
				2102A1D814A885AA00288470 /* date-button.png in Resources */,
				212AEA6714A96D9400E15AD5 /* MainMenuViewController.xib in Resources */,
			);
			runOnlyForDeploymentPostprocessing = 0;
		};
/* End PBXResourcesBuildPhase section */

/* Begin PBXSourcesBuildPhase section */
		21353D6514A494990048D1B5 /* Sources */ = {
			isa = PBXSourcesBuildPhase;
			buildActionMask = 2147483647;
			files = (
				21353D7A14A494990048D1B5 /* main.m in Sources */,
				21353D7E14A494990048D1B5 /* AppDelegate.m in Sources */,
				21353D8114A494990048D1B5 /* AddViewController.m in Sources */,
				21353D8C14A495E00048D1B5 /* Entry.xcdatamodeld in Sources */,
				21353D8F14A4963B0048D1B5 /* Event.m in Sources */,
				21C91A4214A80BD00009AC7E /* weddingDateViewController.m in Sources */,
				212AEA6614A96D9400E15AD5 /* MainMenuViewController.m in Sources */,
			);
			runOnlyForDeploymentPostprocessing = 0;
		};
/* End PBXSourcesBuildPhase section */

/* Begin PBXVariantGroup section */
		21353D7614A494990048D1B5 /* InfoPlist.strings */ = {
			isa = PBXVariantGroup;
			children = (
				21353D7714A494990048D1B5 /* en */,
			);
			name = InfoPlist.strings;
			sourceTree = "<group>";
		};
		21353D8214A494990048D1B5 /* AddViewController.xib */ = {
			isa = PBXVariantGroup;
			children = (
				21353D8314A494990048D1B5 /* en */,
			);
			name = AddViewController.xib;
			sourceTree = "<group>";
		};
/* End PBXVariantGroup section */

/* Begin XCBuildConfiguration section */
		21353D8514A494990048D1B5 /* Debug */ = {
			isa = XCBuildConfiguration;
			buildSettings = {
				ALWAYS_SEARCH_USER_PATHS = NO;
				ARCHS = "$(ARCHS_STANDARD_32_BIT)";
				CLANG_ENABLE_OBJC_ARC = YES;
				"CODE_SIGN_IDENTITY[sdk=iphoneos*]" = "iPhone Developer";
				COPY_PHASE_STRIP = NO;
				GCC_C_LANGUAGE_STANDARD = gnu99;
				GCC_DYNAMIC_NO_PIC = NO;
				GCC_OPTIMIZATION_LEVEL = 0;
				GCC_PREPROCESSOR_DEFINITIONS = (
					"DEBUG=1",
					"$(inherited)",
				);
				GCC_SYMBOLS_PRIVATE_EXTERN = NO;
				GCC_VERSION = com.apple.compilers.llvm.clang.1_0;
				GCC_WARN_ABOUT_MISSING_PROTOTYPES = YES;
				GCC_WARN_ABOUT_RETURN_TYPE = YES;
				GCC_WARN_UNUSED_VARIABLE = YES;
				IPHONEOS_DEPLOYMENT_TARGET = 5.0;
				SDKROOT = iphoneos;
				TARGETED_DEVICE_FAMILY = 2;
			};
			name = Debug;
		};
		21353D8614A494990048D1B5 /* Release */ = {
			isa = XCBuildConfiguration;
			buildSettings = {
				ALWAYS_SEARCH_USER_PATHS = NO;
				ARCHS = "$(ARCHS_STANDARD_32_BIT)";
				CLANG_ENABLE_OBJC_ARC = YES;
				"CODE_SIGN_IDENTITY[sdk=iphoneos*]" = "iPhone Developer";
				COPY_PHASE_STRIP = YES;
				GCC_C_LANGUAGE_STANDARD = gnu99;
				GCC_VERSION = com.apple.compilers.llvm.clang.1_0;
				GCC_WARN_ABOUT_MISSING_PROTOTYPES = YES;
				GCC_WARN_ABOUT_RETURN_TYPE = YES;
				GCC_WARN_UNUSED_VARIABLE = YES;
				IPHONEOS_DEPLOYMENT_TARGET = 5.0;
				OTHER_CFLAGS = "-DNS_BLOCK_ASSERTIONS=1";
				SDKROOT = iphoneos;
				TARGETED_DEVICE_FAMILY = 2;
				VALIDATE_PRODUCT = YES;
			};
			name = Release;
		};
		21353D8814A494990048D1B5 /* Debug */ = {
			isa = XCBuildConfiguration;
			buildSettings = {
				GCC_PRECOMPILE_PREFIX_HEADER = YES;
				GCC_PREFIX_HEADER = "WuForm/WuForm-Prefix.pch";
				INFOPLIST_FILE = "WuForm/WuForm-Info.plist";
				PRODUCT_NAME = "$(TARGET_NAME)";
				WRAPPER_EXTENSION = app;
			};
			name = Debug;
		};
		21353D8914A494990048D1B5 /* Release */ = {
			isa = XCBuildConfiguration;
			buildSettings = {
				GCC_PRECOMPILE_PREFIX_HEADER = YES;
				GCC_PREFIX_HEADER = "WuForm/WuForm-Prefix.pch";
				INFOPLIST_FILE = "WuForm/WuForm-Info.plist";
				PRODUCT_NAME = "$(TARGET_NAME)";
				WRAPPER_EXTENSION = app;
			};
			name = Release;
		};
/* End XCBuildConfiguration section */

/* Begin XCConfigurationList section */
		21353D6314A494990048D1B5 /* Build configuration list for PBXProject "WuForm" */ = {
			isa = XCConfigurationList;
			buildConfigurations = (
				21353D8514A494990048D1B5 /* Debug */,
				21353D8614A494990048D1B5 /* Release */,
			);
			defaultConfigurationIsVisible = 0;
			defaultConfigurationName = Release;
		};
		21353D8714A494990048D1B5 /* Build configuration list for PBXNativeTarget "WuForm" */ = {
			isa = XCConfigurationList;
			buildConfigurations = (
				21353D8814A494990048D1B5 /* Debug */,
				21353D8914A494990048D1B5 /* Release */,
			);
			defaultConfigurationIsVisible = 0;
			defaultConfigurationName = Release;
		};
/* End XCConfigurationList section */

/* Begin XCVersionGroup section */
		21353D8A14A495E00048D1B5 /* Entry.xcdatamodeld */ = {
			isa = XCVersionGroup;
			children = (
				21353D8B14A495E00048D1B5 /* Entry.xcdatamodel */,
			);
			currentVersion = 21353D8B14A495E00048D1B5 /* Entry.xcdatamodel */;
			path = Entry.xcdatamodeld;
			sourceTree = "<group>";
			versionGroupType = wrapper.xcdatamodel;
		};
/* End XCVersionGroup section */
	};
	rootObject = 21353D6014A494990048D1B5 /* Project object */;
}
