// !$*UTF8*$!
{
	archiveVersion = 1;
	classes = {
	};
	objectVersion = 46;
	objects = {

/* Begin PBXBuildFile section */
		210013CB14AF1E1B00FFB3EC /* EventStore.m in Sources */ = {isa = PBXBuildFile; fileRef = 210013CA14AF1E1B00FFB3EC /* EventStore.m */; };
		2102A1D714A885AA00288470 /* date-button-highlight.png in Resources */ = {isa = PBXBuildFile; fileRef = 2102A1D514A885AA00288470 /* date-button-highlight.png */; };
		2102A1D814A885AA00288470 /* date-button.png in Resources */ = {isa = PBXBuildFile; fileRef = 2102A1D614A885AA00288470 /* date-button.png */; };
		2105579814B1BDA100A64089 /* Icon-72.png in Resources */ = {isa = PBXBuildFile; fileRef = 2105579714B1BDA100A64089 /* Icon-72.png */; };
		2105579B14B1BDB500A64089 /* Icon-72.png in Resources */ = {isa = PBXBuildFile; fileRef = 2105579A14B1BDB500A64089 /* Icon-72.png */; };
		210557A914B27A4700A64089 /* CFNetwork.framework in Frameworks */ = {isa = PBXBuildFile; fileRef = 210557A814B27A4700A64089 /* CFNetwork.framework */; };
		210557AB14B27A5200A64089 /* SystemConfiguration.framework in Frameworks */ = {isa = PBXBuildFile; fileRef = 210557AA14B27A5200A64089 /* SystemConfiguration.framework */; };
		210557AD14B27A5C00A64089 /* MobileCoreServices.framework in Frameworks */ = {isa = PBXBuildFile; fileRef = 210557AC14B27A5C00A64089 /* MobileCoreServices.framework */; };
		210557CE14B27C9F00A64089 /* XMLReader.m in Sources */ = {isa = PBXBuildFile; fileRef = 210557CD14B27C9F00A64089 /* XMLReader.m */; settings = {COMPILER_FLAGS = "-fno-objc-arc"; }; };
		210557D214B283A500A64089 /* Reachability.m in Sources */ = {isa = PBXBuildFile; fileRef = 210557D114B283A500A64089 /* Reachability.m */; settings = {COMPILER_FLAGS = "-fno-objc-arc"; }; };
		210557E814B28FEE00A64089 /* ASIAuthenticationDialog.m in Sources */ = {isa = PBXBuildFile; fileRef = 210557D514B28FEE00A64089 /* ASIAuthenticationDialog.m */; settings = {COMPILER_FLAGS = "-fno-objc-arc"; }; };
		210557E914B28FEE00A64089 /* ASIDataCompressor.m in Sources */ = {isa = PBXBuildFile; fileRef = 210557D814B28FEE00A64089 /* ASIDataCompressor.m */; settings = {COMPILER_FLAGS = "-fno-objc-arc"; }; };
		210557EA14B28FEE00A64089 /* ASIDataDecompressor.m in Sources */ = {isa = PBXBuildFile; fileRef = 210557DA14B28FEE00A64089 /* ASIDataDecompressor.m */; settings = {COMPILER_FLAGS = "-fno-objc-arc"; }; };
		210557EB14B28FEE00A64089 /* ASIDownloadCache.m in Sources */ = {isa = PBXBuildFile; fileRef = 210557DC14B28FEE00A64089 /* ASIDownloadCache.m */; settings = {COMPILER_FLAGS = "-fno-objc-arc"; }; };
		210557EC14B28FEE00A64089 /* ASIFormDataRequest.m in Sources */ = {isa = PBXBuildFile; fileRef = 210557DE14B28FEE00A64089 /* ASIFormDataRequest.m */; settings = {COMPILER_FLAGS = "-fno-objc-arc"; }; };
		210557ED14B28FEE00A64089 /* ASIHTTPRequest.m in Sources */ = {isa = PBXBuildFile; fileRef = 210557E014B28FEE00A64089 /* ASIHTTPRequest.m */; settings = {COMPILER_FLAGS = "-fno-objc-arc"; }; };
		210557EE14B28FEE00A64089 /* ASIInputStream.m in Sources */ = {isa = PBXBuildFile; fileRef = 210557E414B28FEE00A64089 /* ASIInputStream.m */; settings = {COMPILER_FLAGS = "-fno-objc-arc"; }; };
		210557EF14B28FEE00A64089 /* ASINetworkQueue.m in Sources */ = {isa = PBXBuildFile; fileRef = 210557E614B28FEE00A64089 /* ASINetworkQueue.m */; settings = {COMPILER_FLAGS = "-fno-objc-arc"; }; };
		210557F114B291BB00A64089 /* libz.dylib in Frameworks */ = {isa = PBXBuildFile; fileRef = 210557F014B291BB00A64089 /* libz.dylib */; };
		210557F514B2B8F000A64089 /* EventSyncher.m in Sources */ = {isa = PBXBuildFile; fileRef = 210557F414B2B8F000A64089 /* EventSyncher.m */; };
		210557F814B2F38A00A64089 /* Default-Portrait~ipad.png in Resources */ = {isa = PBXBuildFile; fileRef = 210557F714B2F38900A64089 /* Default-Portrait~ipad.png */; };
		212AEA6614A96D9400E15AD5 /* MainMenuViewController.m in Sources */ = {isa = PBXBuildFile; fileRef = 212AEA6414A96D9400E15AD5 /* MainMenuViewController.m */; };
		212AEA6714A96D9400E15AD5 /* MainMenuViewController.xib in Resources */ = {isa = PBXBuildFile; fileRef = 212AEA6514A96D9400E15AD5 /* MainMenuViewController.xib */; };
		21353D6E14A494990048D1B5 /* UIKit.framework in Frameworks */ = {isa = PBXBuildFile; fileRef = 21353D6D14A494990048D1B5 /* UIKit.framework */; };
		21353D7014A494990048D1B5 /* Foundation.framework in Frameworks */ = {isa = PBXBuildFile; fileRef = 21353D6F14A494990048D1B5 /* Foundation.framework */; };
		21353D7214A494990048D1B5 /* CoreGraphics.framework in Frameworks */ = {isa = PBXBuildFile; fileRef = 21353D7114A494990048D1B5 /* CoreGraphics.framework */; };
		21353D7814A494990048D1B5 /* InfoPlist.strings in Resources */ = {isa = PBXBuildFile; fileRef = 21353D7614A494990048D1B5 /* InfoPlist.strings */; };
		21353D7A14A494990048D1B5 /* main.m in Sources */ = {isa = PBXBuildFile; fileRef = 21353D7914A494990048D1B5 /* main.m */; };
		21353D7E14A494990048D1B5 /* AppDelegate.m in Sources */ = {isa = PBXBuildFile; fileRef = 21353D7D14A494990048D1B5 /* AppDelegate.m */; };
		21353D8114A494990048D1B5 /* AddViewController.m in Sources */ = {isa = PBXBuildFile; fileRef = 21353D8014A494990048D1B5 /* AddViewController.m */; };
		21353D8414A494990048D1B5 /* AddViewController.xib in Resources */ = {isa = PBXBuildFile; fileRef = 21353D8214A494990048D1B5 /* AddViewController.xib */; };
		21353D8C14A495E00048D1B5 /* Entry.xcdatamodeld in Sources */ = {isa = PBXBuildFile; fileRef = 21353D8A14A495E00048D1B5 /* Entry.xcdatamodeld */; };
		21353D8F14A4963B0048D1B5 /* Event.m in Sources */ = {isa = PBXBuildFile; fileRef = 21353D8E14A4963B0048D1B5 /* Event.m */; };
		21353D9114A497020048D1B5 /* CoreData.framework in Frameworks */ = {isa = PBXBuildFile; fileRef = 21353D9014A497020048D1B5 /* CoreData.framework */; };
		21B535D614B4F7470054B7BB /* AddSuccessfulViewController.m in Sources */ = {isa = PBXBuildFile; fileRef = 21B535D414B4F7470054B7BB /* AddSuccessfulViewController.m */; };
		21B535D714B4F7470054B7BB /* AddSuccessfulViewController.xib in Resources */ = {isa = PBXBuildFile; fileRef = 21B535D514B4F7470054B7BB /* AddSuccessfulViewController.xib */; };
		21C91A4214A80BD00009AC7E /* weddingDateViewController.m in Sources */ = {isa = PBXBuildFile; fileRef = 21C91A4114A80BD00009AC7E /* weddingDateViewController.m */; };
		21CE786114A9D5F400029155 /* background-2.png in Resources */ = {isa = PBXBuildFile; fileRef = 21CE786014A9D5F400029155 /* background-2.png */; };
		21CE786314A9D66F00029155 /* background-1.png in Resources */ = {isa = PBXBuildFile; fileRef = 21CE786214A9D66F00029155 /* background-1.png */; };
		21CE788914AA06D700029155 /* ListMasterViewController.m in Sources */ = {isa = PBXBuildFile; fileRef = 21CE788814AA06D600029155 /* ListMasterViewController.m */; };
		21CE789314AC892400029155 /* ListDetailViewController.m in Sources */ = {isa = PBXBuildFile; fileRef = 21CE789114AC891D00029155 /* ListDetailViewController.m */; };
		21CE789414AC892400029155 /* ListDetailViewController.xib in Resources */ = {isa = PBXBuildFile; fileRef = 21CE789214AC892000029155 /* ListDetailViewController.xib */; };
		21CE789814AC8E1D00029155 /* ListViewController2.m in Sources */ = {isa = PBXBuildFile; fileRef = 21CE789614AC8E1B00029155 /* ListViewController2.m */; };
		21CE789914AC8E1D00029155 /* ListViewController2.xib in Resources */ = {isa = PBXBuildFile; fileRef = 21CE789714AC8E1D00029155 /* ListViewController2.xib */; };
		21D963BF150B5C9F000D9A26 /* MessageUI.framework in Frameworks */ = {isa = PBXBuildFile; fileRef = 21D963BE150B5C9F000D9A26 /* MessageUI.framework */; };
/* End PBXBuildFile section */

/* Begin PBXFileReference section */
		210013C914AF1E1B00FFB3EC /* EventStore.h */ = {isa = PBXFileReference; fileEncoding = 4; lastKnownFileType = sourcecode.c.h; path = EventStore.h; sourceTree = "<group>"; };
		210013CA14AF1E1B00FFB3EC /* EventStore.m */ = {isa = PBXFileReference; fileEncoding = 4; lastKnownFileType = sourcecode.c.objc; path = EventStore.m; sourceTree = "<group>"; };
		2102A1D514A885AA00288470 /* date-button-highlight.png */ = {isa = PBXFileReference; lastKnownFileType = image.png; path = "date-button-highlight.png"; sourceTree = "<group>"; };
		2102A1D614A885AA00288470 /* date-button.png */ = {isa = PBXFileReference; lastKnownFileType = image.png; path = "date-button.png"; sourceTree = "<group>"; };
		2105579714B1BDA100A64089 /* Icon-72.png */ = {isa = PBXFileReference; lastKnownFileType = image.png; path = "Icon-72.png"; sourceTree = "<group>"; };
		2105579A14B1BDB500A64089 /* Icon-72.png */ = {isa = PBXFileReference; lastKnownFileType = image.png; name = "Icon-72.png"; path = "../Icon-72.png"; sourceTree = "<group>"; };
		210557A814B27A4700A64089 /* CFNetwork.framework */ = {isa = PBXFileReference; lastKnownFileType = wrapper.framework; name = CFNetwork.framework; path = System/Library/Frameworks/CFNetwork.framework; sourceTree = SDKROOT; };
		210557AA14B27A5200A64089 /* SystemConfiguration.framework */ = {isa = PBXFileReference; lastKnownFileType = wrapper.framework; name = SystemConfiguration.framework; path = System/Library/Frameworks/SystemConfiguration.framework; sourceTree = SDKROOT; };
		210557AC14B27A5C00A64089 /* MobileCoreServices.framework */ = {isa = PBXFileReference; lastKnownFileType = wrapper.framework; name = MobileCoreServices.framework; path = System/Library/Frameworks/MobileCoreServices.framework; sourceTree = SDKROOT; };
		210557CC14B27C9F00A64089 /* XMLReader.h */ = {isa = PBXFileReference; fileEncoding = 4; lastKnownFileType = sourcecode.c.h; path = XMLReader.h; sourceTree = "<group>"; };
		210557CD14B27C9F00A64089 /* XMLReader.m */ = {isa = PBXFileReference; fileEncoding = 4; lastKnownFileType = sourcecode.c.objc; path = XMLReader.m; sourceTree = "<group>"; };
		210557D014B283A500A64089 /* Reachability.h */ = {isa = PBXFileReference; fileEncoding = 4; lastKnownFileType = sourcecode.c.h; path = Reachability.h; sourceTree = "<group>"; };
		210557D114B283A500A64089 /* Reachability.m */ = {isa = PBXFileReference; fileEncoding = 4; lastKnownFileType = sourcecode.c.objc; path = Reachability.m; sourceTree = "<group>"; };
		210557D414B28FEE00A64089 /* ASIAuthenticationDialog.h */ = {isa = PBXFileReference; fileEncoding = 4; lastKnownFileType = sourcecode.c.h; path = ASIAuthenticationDialog.h; sourceTree = "<group>"; };
		210557D514B28FEE00A64089 /* ASIAuthenticationDialog.m */ = {isa = PBXFileReference; fileEncoding = 4; lastKnownFileType = sourcecode.c.objc; path = ASIAuthenticationDialog.m; sourceTree = "<group>"; };
		210557D614B28FEE00A64089 /* ASICacheDelegate.h */ = {isa = PBXFileReference; fileEncoding = 4; lastKnownFileType = sourcecode.c.h; path = ASICacheDelegate.h; sourceTree = "<group>"; };
		210557D714B28FEE00A64089 /* ASIDataCompressor.h */ = {isa = PBXFileReference; fileEncoding = 4; lastKnownFileType = sourcecode.c.h; path = ASIDataCompressor.h; sourceTree = "<group>"; };
		210557D814B28FEE00A64089 /* ASIDataCompressor.m */ = {isa = PBXFileReference; fileEncoding = 4; lastKnownFileType = sourcecode.c.objc; path = ASIDataCompressor.m; sourceTree = "<group>"; };
		210557D914B28FEE00A64089 /* ASIDataDecompressor.h */ = {isa = PBXFileReference; fileEncoding = 4; lastKnownFileType = sourcecode.c.h; path = ASIDataDecompressor.h; sourceTree = "<group>"; };
		210557DA14B28FEE00A64089 /* ASIDataDecompressor.m */ = {isa = PBXFileReference; fileEncoding = 4; lastKnownFileType = sourcecode.c.objc; path = ASIDataDecompressor.m; sourceTree = "<group>"; };
		210557DB14B28FEE00A64089 /* ASIDownloadCache.h */ = {isa = PBXFileReference; fileEncoding = 4; lastKnownFileType = sourcecode.c.h; path = ASIDownloadCache.h; sourceTree = "<group>"; };
		210557DC14B28FEE00A64089 /* ASIDownloadCache.m */ = {isa = PBXFileReference; fileEncoding = 4; lastKnownFileType = sourcecode.c.objc; path = ASIDownloadCache.m; sourceTree = "<group>"; };
		210557DD14B28FEE00A64089 /* ASIFormDataRequest.h */ = {isa = PBXFileReference; fileEncoding = 4; lastKnownFileType = sourcecode.c.h; path = ASIFormDataRequest.h; sourceTree = "<group>"; };
		210557DE14B28FEE00A64089 /* ASIFormDataRequest.m */ = {isa = PBXFileReference; fileEncoding = 4; lastKnownFileType = sourcecode.c.objc; path = ASIFormDataRequest.m; sourceTree = "<group>"; };
		210557DF14B28FEE00A64089 /* ASIHTTPRequest.h */ = {isa = PBXFileReference; fileEncoding = 4; lastKnownFileType = sourcecode.c.h; path = ASIHTTPRequest.h; sourceTree = "<group>"; };
		210557E014B28FEE00A64089 /* ASIHTTPRequest.m */ = {isa = PBXFileReference; fileEncoding = 4; lastKnownFileType = sourcecode.c.objc; path = ASIHTTPRequest.m; sourceTree = "<group>"; };
		210557E114B28FEE00A64089 /* ASIHTTPRequestConfig.h */ = {isa = PBXFileReference; fileEncoding = 4; lastKnownFileType = sourcecode.c.h; path = ASIHTTPRequestConfig.h; sourceTree = "<group>"; };
		210557E214B28FEE00A64089 /* ASIHTTPRequestDelegate.h */ = {isa = PBXFileReference; fileEncoding = 4; lastKnownFileType = sourcecode.c.h; path = ASIHTTPRequestDelegate.h; sourceTree = "<group>"; };
		210557E314B28FEE00A64089 /* ASIInputStream.h */ = {isa = PBXFileReference; fileEncoding = 4; lastKnownFileType = sourcecode.c.h; path = ASIInputStream.h; sourceTree = "<group>"; };
		210557E414B28FEE00A64089 /* ASIInputStream.m */ = {isa = PBXFileReference; fileEncoding = 4; lastKnownFileType = sourcecode.c.objc; path = ASIInputStream.m; sourceTree = "<group>"; };
		210557E514B28FEE00A64089 /* ASINetworkQueue.h */ = {isa = PBXFileReference; fileEncoding = 4; lastKnownFileType = sourcecode.c.h; path = ASINetworkQueue.h; sourceTree = "<group>"; };
		210557E614B28FEE00A64089 /* ASINetworkQueue.m */ = {isa = PBXFileReference; fileEncoding = 4; lastKnownFileType = sourcecode.c.objc; path = ASINetworkQueue.m; sourceTree = "<group>"; };
		210557E714B28FEE00A64089 /* ASIProgressDelegate.h */ = {isa = PBXFileReference; fileEncoding = 4; lastKnownFileType = sourcecode.c.h; path = ASIProgressDelegate.h; sourceTree = "<group>"; };
		210557F014B291BB00A64089 /* libz.dylib */ = {isa = PBXFileReference; lastKnownFileType = "compiled.mach-o.dylib"; name = libz.dylib; path = usr/lib/libz.dylib; sourceTree = SDKROOT; };
		210557F314B2B8F000A64089 /* EventSyncher.h */ = {isa = PBXFileReference; fileEncoding = 4; lastKnownFileType = sourcecode.c.h; path = EventSyncher.h; sourceTree = "<group>"; };
		210557F414B2B8F000A64089 /* EventSyncher.m */ = {isa = PBXFileReference; fileEncoding = 4; lastKnownFileType = sourcecode.c.objc; path = EventSyncher.m; sourceTree = "<group>"; };
		210557F714B2F38900A64089 /* Default-Portrait~ipad.png */ = {isa = PBXFileReference; lastKnownFileType = image.png; path = "Default-Portrait~ipad.png"; sourceTree = "<group>"; };
		212AEA6314A96D9400E15AD5 /* MainMenuViewController.h */ = {isa = PBXFileReference; fileEncoding = 4; lastKnownFileType = sourcecode.c.h; path = MainMenuViewController.h; sourceTree = "<group>"; };
		212AEA6414A96D9400E15AD5 /* MainMenuViewController.m */ = {isa = PBXFileReference; fileEncoding = 4; lastKnownFileType = sourcecode.c.objc; path = MainMenuViewController.m; sourceTree = "<group>"; };
		212AEA6514A96D9400E15AD5 /* MainMenuViewController.xib */ = {isa = PBXFileReference; fileEncoding = 4; lastKnownFileType = file.xib; path = MainMenuViewController.xib; sourceTree = "<group>"; };
		21353D6914A494990048D1B5 /* Atrero.app */ = {isa = PBXFileReference; explicitFileType = wrapper.application; includeInIndex = 0; path = Atrero.app; sourceTree = BUILT_PRODUCTS_DIR; };
		21353D6D14A494990048D1B5 /* UIKit.framework */ = {isa = PBXFileReference; lastKnownFileType = wrapper.framework; name = UIKit.framework; path = System/Library/Frameworks/UIKit.framework; sourceTree = SDKROOT; };
		21353D6F14A494990048D1B5 /* Foundation.framework */ = {isa = PBXFileReference; lastKnownFileType = wrapper.framework; name = Foundation.framework; path = System/Library/Frameworks/Foundation.framework; sourceTree = SDKROOT; };
		21353D7114A494990048D1B5 /* CoreGraphics.framework */ = {isa = PBXFileReference; lastKnownFileType = wrapper.framework; name = CoreGraphics.framework; path = System/Library/Frameworks/CoreGraphics.framework; sourceTree = SDKROOT; };
		21353D7514A494990048D1B5 /* WuForm-Info.plist */ = {isa = PBXFileReference; lastKnownFileType = text.plist.xml; path = "WuForm-Info.plist"; sourceTree = "<group>"; };
		21353D7714A494990048D1B5 /* en */ = {isa = PBXFileReference; lastKnownFileType = text.plist.strings; name = en; path = en.lproj/InfoPlist.strings; sourceTree = "<group>"; };
		21353D7914A494990048D1B5 /* main.m */ = {isa = PBXFileReference; lastKnownFileType = sourcecode.c.objc; path = main.m; sourceTree = "<group>"; };
		21353D7B14A494990048D1B5 /* WuForm-Prefix.pch */ = {isa = PBXFileReference; lastKnownFileType = sourcecode.c.h; path = "WuForm-Prefix.pch"; sourceTree = "<group>"; };
		21353D7C14A494990048D1B5 /* AppDelegate.h */ = {isa = PBXFileReference; lastKnownFileType = sourcecode.c.h; path = AppDelegate.h; sourceTree = "<group>"; };
		21353D7D14A494990048D1B5 /* AppDelegate.m */ = {isa = PBXFileReference; lastKnownFileType = sourcecode.c.objc; path = AppDelegate.m; sourceTree = "<group>"; };
		21353D7F14A494990048D1B5 /* AddViewController.h */ = {isa = PBXFileReference; lastKnownFileType = sourcecode.c.h; path = AddViewController.h; sourceTree = "<group>"; };
		21353D8014A494990048D1B5 /* AddViewController.m */ = {isa = PBXFileReference; lastKnownFileType = sourcecode.c.objc; path = AddViewController.m; sourceTree = "<group>"; };
		21353D8314A494990048D1B5 /* en */ = {isa = PBXFileReference; lastKnownFileType = file.xib; name = en; path = en.lproj/AddViewController.xib; sourceTree = "<group>"; };
		21353D8B14A495E00048D1B5 /* Entry.xcdatamodel */ = {isa = PBXFileReference; lastKnownFileType = wrapper.xcdatamodel; path = Entry.xcdatamodel; sourceTree = "<group>"; };
		21353D8D14A4963B0048D1B5 /* Event.h */ = {isa = PBXFileReference; fileEncoding = 4; lastKnownFileType = sourcecode.c.h; path = Event.h; sourceTree = "<group>"; };
		21353D8E14A4963B0048D1B5 /* Event.m */ = {isa = PBXFileReference; fileEncoding = 4; lastKnownFileType = sourcecode.c.objc; path = Event.m; sourceTree = "<group>"; };
		21353D9014A497020048D1B5 /* CoreData.framework */ = {isa = PBXFileReference; lastKnownFileType = wrapper.framework; name = CoreData.framework; path = System/Library/Frameworks/CoreData.framework; sourceTree = SDKROOT; };
		21B535D314B4F7470054B7BB /* AddSuccessfulViewController.h */ = {isa = PBXFileReference; fileEncoding = 4; lastKnownFileType = sourcecode.c.h; path = AddSuccessfulViewController.h; sourceTree = "<group>"; };
		21B535D414B4F7470054B7BB /* AddSuccessfulViewController.m */ = {isa = PBXFileReference; fileEncoding = 4; lastKnownFileType = sourcecode.c.objc; path = AddSuccessfulViewController.m; sourceTree = "<group>"; };
		21B535D514B4F7470054B7BB /* AddSuccessfulViewController.xib */ = {isa = PBXFileReference; fileEncoding = 4; lastKnownFileType = file.xib; path = AddSuccessfulViewController.xib; sourceTree = "<group>"; };
		21C91A4014A80BD00009AC7E /* weddingDateViewController.h */ = {isa = PBXFileReference; fileEncoding = 4; lastKnownFileType = sourcecode.c.h; path = weddingDateViewController.h; sourceTree = "<group>"; };
		21C91A4114A80BD00009AC7E /* weddingDateViewController.m */ = {isa = PBXFileReference; fileEncoding = 4; lastKnownFileType = sourcecode.c.objc; path = weddingDateViewController.m; sourceTree = "<group>"; };
		21CE786014A9D5F400029155 /* background-2.png */ = {isa = PBXFileReference; lastKnownFileType = image.png; path = "background-2.png"; sourceTree = "<group>"; };
		21CE786214A9D66F00029155 /* background-1.png */ = {isa = PBXFileReference; lastKnownFileType = image.png; path = "background-1.png"; sourceTree = "<group>"; };
		21CE788714AA06D600029155 /* ListMasterViewController.h */ = {isa = PBXFileReference; fileEncoding = 4; lastKnownFileType = sourcecode.c.h; path = ListMasterViewController.h; sourceTree = "<group>"; };
		21CE788814AA06D600029155 /* ListMasterViewController.m */ = {isa = PBXFileReference; fileEncoding = 4; lastKnownFileType = sourcecode.c.objc; path = ListMasterViewController.m; sourceTree = "<group>"; };
		21CE789014AC891B00029155 /* ListDetailViewController.h */ = {isa = PBXFileReference; fileEncoding = 4; lastKnownFileType = sourcecode.c.h; path = ListDetailViewController.h; sourceTree = "<group>"; };
		21CE789114AC891D00029155 /* ListDetailViewController.m */ = {isa = PBXFileReference; fileEncoding = 4; lastKnownFileType = sourcecode.c.objc; path = ListDetailViewController.m; sourceTree = "<group>"; };
		21CE789214AC892000029155 /* ListDetailViewController.xib */ = {isa = PBXFileReference; fileEncoding = 4; lastKnownFileType = file.xib; path = ListDetailViewController.xib; sourceTree = "<group>"; };
		21CE789514AC8E1B00029155 /* ListViewController2.h */ = {isa = PBXFileReference; fileEncoding = 4; lastKnownFileType = sourcecode.c.h; path = ListViewController2.h; sourceTree = "<group>"; };
		21CE789614AC8E1B00029155 /* ListViewController2.m */ = {isa = PBXFileReference; fileEncoding = 4; lastKnownFileType = sourcecode.c.objc; path = ListViewController2.m; sourceTree = "<group>"; };
		21CE789714AC8E1D00029155 /* ListViewController2.xib */ = {isa = PBXFileReference; fileEncoding = 4; lastKnownFileType = file.xib; path = ListViewController2.xib; sourceTree = "<group>"; };
		21D963BE150B5C9F000D9A26 /* MessageUI.framework */ = {isa = PBXFileReference; lastKnownFileType = wrapper.framework; name = MessageUI.framework; path = System/Library/Frameworks/MessageUI.framework; sourceTree = SDKROOT; };
/* End PBXFileReference section */

/* Begin PBXFrameworksBuildPhase section */
		21353D6614A494990048D1B5 /* Frameworks */ = {
			isa = PBXFrameworksBuildPhase;
			buildActionMask = 2147483647;
			files = (
				21D963BF150B5C9F000D9A26 /* MessageUI.framework in Frameworks */,
				210557F114B291BB00A64089 /* libz.dylib in Frameworks */,
				210557AD14B27A5C00A64089 /* MobileCoreServices.framework in Frameworks */,
				210557AB14B27A5200A64089 /* SystemConfiguration.framework in Frameworks */,
				210557A914B27A4700A64089 /* CFNetwork.framework in Frameworks */,
				21353D9114A497020048D1B5 /* CoreData.framework in Frameworks */,
				21353D6E14A494990048D1B5 /* UIKit.framework in Frameworks */,
				21353D7014A494990048D1B5 /* Foundation.framework in Frameworks */,
				21353D7214A494990048D1B5 /* CoreGraphics.framework in Frameworks */,
			);
			runOnlyForDeploymentPostprocessing = 0;
		};
/* End PBXFrameworksBuildPhase section */

/* Begin PBXGroup section */
		210557CB14B27C9F00A64089 /* XMLReader */ = {
			isa = PBXGroup;
			children = (
				210557CC14B27C9F00A64089 /* XMLReader.h */,
				210557CD14B27C9F00A64089 /* XMLReader.m */,
			);
			path = XMLReader;
			sourceTree = "<group>";
		};
		210557CF14B283A400A64089 /* Reachability */ = {
			isa = PBXGroup;
			children = (
				210557D014B283A500A64089 /* Reachability.h */,
				210557D114B283A500A64089 /* Reachability.m */,
			);
			name = Reachability;
			path = External/Reachability;
			sourceTree = "<group>";
		};
		210557D314B28FEE00A64089 /* ASIHTTPRequest */ = {
			isa = PBXGroup;
			children = (
				210557D414B28FEE00A64089 /* ASIAuthenticationDialog.h */,
				210557D514B28FEE00A64089 /* ASIAuthenticationDialog.m */,
				210557D614B28FEE00A64089 /* ASICacheDelegate.h */,
				210557D714B28FEE00A64089 /* ASIDataCompressor.h */,
				210557D814B28FEE00A64089 /* ASIDataCompressor.m */,
				210557D914B28FEE00A64089 /* ASIDataDecompressor.h */,
				210557DA14B28FEE00A64089 /* ASIDataDecompressor.m */,
				210557DB14B28FEE00A64089 /* ASIDownloadCache.h */,
				210557DC14B28FEE00A64089 /* ASIDownloadCache.m */,
				210557DD14B28FEE00A64089 /* ASIFormDataRequest.h */,
				210557DE14B28FEE00A64089 /* ASIFormDataRequest.m */,
				210557DF14B28FEE00A64089 /* ASIHTTPRequest.h */,
				210557E014B28FEE00A64089 /* ASIHTTPRequest.m */,
				210557E114B28FEE00A64089 /* ASIHTTPRequestConfig.h */,
				210557E214B28FEE00A64089 /* ASIHTTPRequestDelegate.h */,
				210557E314B28FEE00A64089 /* ASIInputStream.h */,
				210557E414B28FEE00A64089 /* ASIInputStream.m */,
				210557E514B28FEE00A64089 /* ASINetworkQueue.h */,
				210557E614B28FEE00A64089 /* ASINetworkQueue.m */,
				210557E714B28FEE00A64089 /* ASIProgressDelegate.h */,
			);
			path = ASIHTTPRequest;
			sourceTree = "<group>";
		};
		210557F214B2B8B800A64089 /* EventSyncher */ = {
			isa = PBXGroup;
			children = (
				210557F314B2B8F000A64089 /* EventSyncher.h */,
				210557F414B2B8F000A64089 /* EventSyncher.m */,
			);
			name = EventSyncher;
			sourceTree = "<group>";
		};
		2113F34914ADC62900284C93 /* ListView */ = {
			isa = PBXGroup;
			children = (
				21CE789514AC8E1B00029155 /* ListViewController2.h */,
				21CE789614AC8E1B00029155 /* ListViewController2.m */,
				21CE789714AC8E1D00029155 /* ListViewController2.xib */,
				21CE788714AA06D600029155 /* ListMasterViewController.h */,
				21CE788814AA06D600029155 /* ListMasterViewController.m */,
				21CE789014AC891B00029155 /* ListDetailViewController.h */,
				21CE789114AC891D00029155 /* ListDetailViewController.m */,
				21CE789214AC892000029155 /* ListDetailViewController.xib */,
			);
			name = ListView;
			sourceTree = "<group>";
		};
		2113F34B14ADC63F00284C93 /* AddView */ = {
			isa = PBXGroup;
			children = (
				21353D7F14A494990048D1B5 /* AddViewController.h */,
				21353D8014A494990048D1B5 /* AddViewController.m */,
				21353D8214A494990048D1B5 /* AddViewController.xib */,
				21B535D314B4F7470054B7BB /* AddSuccessfulViewController.h */,
				21B535D414B4F7470054B7BB /* AddSuccessfulViewController.m */,
				21B535D514B4F7470054B7BB /* AddSuccessfulViewController.xib */,
				21C91A4014A80BD00009AC7E /* weddingDateViewController.h */,
				21C91A4114A80BD00009AC7E /* weddingDateViewController.m */,
			);
			name = AddView;
			sourceTree = "<group>";
		};
		2113F34C14ADC72A00284C93 /* Data Model */ = {
			isa = PBXGroup;
			children = (
				21353D8A14A495E00048D1B5 /* Entry.xcdatamodeld */,
				210013C914AF1E1B00FFB3EC /* EventStore.h */,
				210013CA14AF1E1B00FFB3EC /* EventStore.m */,
				21353D8D14A4963B0048D1B5 /* Event.h */,
				21353D8E14A4963B0048D1B5 /* Event.m */,
			);
			name = "Data Model";
			sourceTree = "<group>";
		};
		21353D5E14A494990048D1B5 = {
			isa = PBXGroup;
			children = (
				210557F714B2F38900A64089 /* Default-Portrait~ipad.png */,
				21353D7314A494990048D1B5 /* WuForm */,
				21353D6C14A494990048D1B5 /* Frameworks */,
				21353D6A14A494990048D1B5 /* Products */,
			);
			sourceTree = "<group>";
		};
		21353D6A14A494990048D1B5 /* Products */ = {
			isa = PBXGroup;
			children = (
				21353D6914A494990048D1B5 /* Atrero.app */,
			);
			name = Products;
			sourceTree = "<group>";
		};
		21353D6C14A494990048D1B5 /* Frameworks */ = {
			isa = PBXGroup;
			children = (
				210557F014B291BB00A64089 /* libz.dylib */,
				21D963BE150B5C9F000D9A26 /* MessageUI.framework */,
				210557AC14B27A5C00A64089 /* MobileCoreServices.framework */,
				210557AA14B27A5200A64089 /* SystemConfiguration.framework */,
				210557A814B27A4700A64089 /* CFNetwork.framework */,
				21353D9014A497020048D1B5 /* CoreData.framework */,
				21353D6D14A494990048D1B5 /* UIKit.framework */,
				21353D6F14A494990048D1B5 /* Foundation.framework */,
				21353D7114A494990048D1B5 /* CoreGraphics.framework */,
			);
			name = Frameworks;
			sourceTree = "<group>";
		};
		21353D7314A494990048D1B5 /* WuForm */ = {
			isa = PBXGroup;
			children = (
				210557F214B2B8B800A64089 /* EventSyncher */,
				210557D314B28FEE00A64089 /* ASIHTTPRequest */,
				210557CF14B283A400A64089 /* Reachability */,
				210557CB14B27C9F00A64089 /* XMLReader */,
				2113F34C14ADC72A00284C93 /* Data Model */,
				2113F34B14ADC63F00284C93 /* AddView */,
				2113F34914ADC62900284C93 /* ListView */,
				21353D7414A494990048D1B5 /* Supporting Files */,
				21353D7C14A494990048D1B5 /* AppDelegate.h */,
				21353D7D14A494990048D1B5 /* AppDelegate.m */,
				212AEA6314A96D9400E15AD5 /* MainMenuViewController.h */,
				212AEA6414A96D9400E15AD5 /* MainMenuViewController.m */,
			);
			path = WuForm;
			sourceTree = "<group>";
		};
		21353D7414A494990048D1B5 /* Supporting Files */ = {
			isa = PBXGroup;
			children = (
				2105579A14B1BDB500A64089 /* Icon-72.png */,
				212AEA6514A96D9400E15AD5 /* MainMenuViewController.xib */,
				2105579714B1BDA100A64089 /* Icon-72.png */,
				21CE786214A9D66F00029155 /* background-1.png */,
				21CE786014A9D5F400029155 /* background-2.png */,
				2102A1D514A885AA00288470 /* date-button-highlight.png */,
				2102A1D614A885AA00288470 /* date-button.png */,
				21353D7514A494990048D1B5 /* WuForm-Info.plist */,
				21353D7614A494990048D1B5 /* InfoPlist.strings */,
				21353D7914A494990048D1B5 /* main.m */,
				21353D7B14A494990048D1B5 /* WuForm-Prefix.pch */,
			);
			name = "Supporting Files";
			sourceTree = "<group>";
		};
/* End PBXGroup section */

/* Begin PBXNativeTarget section */
		21353D6814A494990048D1B5 /* WuForm */ = {
			isa = PBXNativeTarget;
			buildConfigurationList = 21353D8714A494990048D1B5 /* Build configuration list for PBXNativeTarget "WuForm" */;
			buildPhases = (
				21353D6514A494990048D1B5 /* Sources */,
				21353D6614A494990048D1B5 /* Frameworks */,
				21353D6714A494990048D1B5 /* Resources */,
			);
			buildRules = (
			);
			dependencies = (
			);
			name = WuForm;
			productName = WuForm;
			productReference = 21353D6914A494990048D1B5 /* Atrero.app */;
			productType = "com.apple.product-type.application";
		};
/* End PBXNativeTarget section */

/* Begin PBXProject section */
		21353D6014A494990048D1B5 /* Project object */ = {
			isa = PBXProject;
			attributes = {
				LastUpgradeCheck = 0420;
				ORGANIZATIONNAME = "Panocha Bros";
			};
			buildConfigurationList = 21353D6314A494990048D1B5 /* Build configuration list for PBXProject "WuForm" */;
			compatibilityVersion = "Xcode 3.2";
			developmentRegion = English;
			hasScannedForEncodings = 0;
			knownRegions = (
				en,
			);
			mainGroup = 21353D5E14A494990048D1B5;
			productRefGroup = 21353D6A14A494990048D1B5 /* Products */;
			projectDirPath = "";
			projectRoot = "";
			targets = (
				21353D6814A494990048D1B5 /* WuForm */,
			);
		};
/* End PBXProject section */

/* Begin PBXResourcesBuildPhase section */
		21353D6714A494990048D1B5 /* Resources */ = {
			isa = PBXResourcesBuildPhase;
			buildActionMask = 2147483647;
			files = (
				21353D7814A494990048D1B5 /* InfoPlist.strings in Resources */,
				21353D8414A494990048D1B5 /* AddViewController.xib in Resources */,
				2102A1D714A885AA00288470 /* date-button-highlight.png in Resources */,
				2102A1D814A885AA00288470 /* date-button.png in Resources */,
				212AEA6714A96D9400E15AD5 /* MainMenuViewController.xib in Resources */,
				21CE786114A9D5F400029155 /* background-2.png in Resources */,
				21CE786314A9D66F00029155 /* background-1.png in Resources */,
				21CE789414AC892400029155 /* ListDetailViewController.xib in Resources */,
				21CE789914AC8E1D00029155 /* ListViewController2.xib in Resources */,
				2105579814B1BDA100A64089 /* Icon-72.png in Resources */,
				2105579B14B1BDB500A64089 /* Icon-72.png in Resources */,
				210557F814B2F38A00A64089 /* Default-Portrait~ipad.png in Resources */,
				21B535D714B4F7470054B7BB /* AddSuccessfulViewController.xib in Resources */,
			);
			runOnlyForDeploymentPostprocessing = 0;
		};
/* End PBXResourcesBuildPhase section */

/* Begin PBXSourcesBuildPhase section */
		21353D6514A494990048D1B5 /* Sources */ = {
			isa = PBXSourcesBuildPhase;
			buildActionMask = 2147483647;
			files = (
				21353D7A14A494990048D1B5 /* main.m in Sources */,
				21353D7E14A494990048D1B5 /* AppDelegate.m in Sources */,
				21353D8114A494990048D1B5 /* AddViewController.m in Sources */,
				21353D8C14A495E00048D1B5 /* Entry.xcdatamodeld in Sources */,
				21353D8F14A4963B0048D1B5 /* Event.m in Sources */,
				21C91A4214A80BD00009AC7E /* weddingDateViewController.m in Sources */,
				212AEA6614A96D9400E15AD5 /* MainMenuViewController.m in Sources */,
				21CE788914AA06D700029155 /* ListMasterViewController.m in Sources */,
				21CE789314AC892400029155 /* ListDetailViewController.m in Sources */,
				21CE789814AC8E1D00029155 /* ListViewController2.m in Sources */,
				210013CB14AF1E1B00FFB3EC /* EventStore.m in Sources */,
				210557CE14B27C9F00A64089 /* XMLReader.m in Sources */,
				210557D214B283A500A64089 /* Reachability.m in Sources */,
				210557E814B28FEE00A64089 /* ASIAuthenticationDialog.m in Sources */,
				210557E914B28FEE00A64089 /* ASIDataCompressor.m in Sources */,
				210557EA14B28FEE00A64089 /* ASIDataDecompressor.m in Sources */,
				210557EB14B28FEE00A64089 /* ASIDownloadCache.m in Sources */,
				210557EC14B28FEE00A64089 /* ASIFormDataRequest.m in Sources */,
				210557ED14B28FEE00A64089 /* ASIHTTPRequest.m in Sources */,
				210557EE14B28FEE00A64089 /* ASIInputStream.m in Sources */,
				210557EF14B28FEE00A64089 /* ASINetworkQueue.m in Sources */,
				210557F514B2B8F000A64089 /* EventSyncher.m in Sources */,
				21B535D614B4F7470054B7BB /* AddSuccessfulViewController.m in Sources */,
			);
			runOnlyForDeploymentPostprocessing = 0;
		};
/* End PBXSourcesBuildPhase section */

/* Begin PBXVariantGroup section */
		21353D7614A494990048D1B5 /* InfoPlist.strings */ = {
			isa = PBXVariantGroup;
			children = (
				21353D7714A494990048D1B5 /* en */,
			);
			name = InfoPlist.strings;
			sourceTree = "<group>";
		};
		21353D8214A494990048D1B5 /* AddViewController.xib */ = {
			isa = PBXVariantGroup;
			children = (
				21353D8314A494990048D1B5 /* en */,
			);
			name = AddViewController.xib;
			sourceTree = "<group>";
		};
/* End PBXVariantGroup section */

/* Begin XCBuildConfiguration section */
		21353D8514A494990048D1B5 /* Debug */ = {
			isa = XCBuildConfiguration;
			buildSettings = {
				ALWAYS_SEARCH_USER_PATHS = NO;
				ARCHS = "$(ARCHS_STANDARD_32_BIT)";
				CLANG_ENABLE_OBJC_ARC = YES;
				"CODE_SIGN_IDENTITY[sdk=iphoneos*]" = "iPhone Developer";
				COPY_PHASE_STRIP = NO;
				GCC_C_LANGUAGE_STANDARD = gnu99;
				GCC_DYNAMIC_NO_PIC = NO;
				GCC_OPTIMIZATION_LEVEL = 0;
				GCC_PREPROCESSOR_DEFINITIONS = (
					"DEBUG=1",
					"$(inherited)",
				);
				GCC_SYMBOLS_PRIVATE_EXTERN = NO;
				GCC_VERSION = com.apple.compilers.llvm.clang.1_0;
				GCC_WARN_ABOUT_MISSING_PROTOTYPES = YES;
				GCC_WARN_ABOUT_RETURN_TYPE = YES;
				GCC_WARN_UNUSED_VARIABLE = YES;
				IPHONEOS_DEPLOYMENT_TARGET = 5.0;
				SDKROOT = iphoneos;
				TARGETED_DEVICE_FAMILY = 2;
			};
			name = Debug;
		};
		21353D8614A494990048D1B5 /* Release */ = {
			isa = XCBuildConfiguration;
			buildSettings = {
				ALWAYS_SEARCH_USER_PATHS = NO;
				ARCHS = "$(ARCHS_STANDARD_32_BIT)";
				CLANG_ENABLE_OBJC_ARC = YES;
				"CODE_SIGN_IDENTITY[sdk=iphoneos*]" = "iPhone Developer";
				COPY_PHASE_STRIP = YES;
				GCC_C_LANGUAGE_STANDARD = gnu99;
				GCC_VERSION = com.apple.compilers.llvm.clang.1_0;
				GCC_WARN_ABOUT_MISSING_PROTOTYPES = YES;
				GCC_WARN_ABOUT_RETURN_TYPE = YES;
				GCC_WARN_UNUSED_VARIABLE = YES;
				IPHONEOS_DEPLOYMENT_TARGET = 5.0;
				OTHER_CFLAGS = "-DNS_BLOCK_ASSERTIONS=1";
				SDKROOT = iphoneos;
				TARGETED_DEVICE_FAMILY = 2;
				VALIDATE_PRODUCT = YES;
			};
			name = Release;
		};
		21353D8814A494990048D1B5 /* Debug */ = {
			isa = XCBuildConfiguration;
			buildSettings = {
				GCC_PRECOMPILE_PREFIX_HEADER = YES;
				GCC_PREFIX_HEADER = "WuForm/WuForm-Prefix.pch";
				INFOPLIST_FILE = "WuForm/WuForm-Info.plist";
				PRODUCT_NAME = Atrero;
				WRAPPER_EXTENSION = app;
			};
			name = Debug;
		};
		21353D8914A494990048D1B5 /* Release */ = {
			isa = XCBuildConfiguration;
			buildSettings = {
				GCC_PRECOMPILE_PREFIX_HEADER = YES;
				GCC_PREFIX_HEADER = "WuForm/WuForm-Prefix.pch";
				INFOPLIST_FILE = "WuForm/WuForm-Info.plist";
				PRODUCT_NAME = Atrero;
				WRAPPER_EXTENSION = app;
			};
			name = Release;
		};
/* End XCBuildConfiguration section */

/* Begin XCConfigurationList section */
		21353D6314A494990048D1B5 /* Build configuration list for PBXProject "WuForm" */ = {
			isa = XCConfigurationList;
			buildConfigurations = (
				21353D8514A494990048D1B5 /* Debug */,
				21353D8614A494990048D1B5 /* Release */,
			);
			defaultConfigurationIsVisible = 0;
			defaultConfigurationName = Release;
		};
		21353D8714A494990048D1B5 /* Build configuration list for PBXNativeTarget "WuForm" */ = {
			isa = XCConfigurationList;
			buildConfigurations = (
				21353D8814A494990048D1B5 /* Debug */,
				21353D8914A494990048D1B5 /* Release */,
			);
			defaultConfigurationIsVisible = 0;
			defaultConfigurationName = Release;
		};
/* End XCConfigurationList section */

/* Begin XCVersionGroup section */
		21353D8A14A495E00048D1B5 /* Entry.xcdatamodeld */ = {
			isa = XCVersionGroup;
			children = (
				21353D8B14A495E00048D1B5 /* Entry.xcdatamodel */,
			);
			currentVersion = 21353D8B14A495E00048D1B5 /* Entry.xcdatamodel */;
			path = Entry.xcdatamodeld;
			sourceTree = "<group>";
			versionGroupType = wrapper.xcdatamodel;
		};
/* End XCVersionGroup section */
	};
	rootObject = 21353D6014A494990048D1B5 /* Project object */;
}
